
Microsoft Visual Studio Solution File, Format Version 12.00
# Visual Studio 15
VisualStudioVersion = 15.0.26206.0
MinimumVisualStudioVersion = 10.0.40219.1
Project("{9A19103F-16F7-4668-BE54-9A1E7A4F7556}") = "TodoAdmin.Server", "src\TodoAdmin.Server\TodoAdmin.Server.csproj", "{E1A86C4D-278D-411E-9519-A614FC4504EA}"
EndProject
Project("{9A19103F-16F7-4668-BE54-9A1E7A4F7556}") = "TodoAdmin.Server.Tests", "test\TodoAdmin.Server.Tests\TodoAdmin.Server.Tests.csproj", "{A220E288-FA2B-4073-B352-4D814AD3CF68}"
EndProject
Project("{9A19103F-16F7-4668-BE54-9A1E7A4F7556}") = "TodoAdmin.Persistence.Tests", "test\TodoAdmin.Persistence.Tests\TodoAdmin.Persistence.Tests.csproj", "{549E8485-484E-4DFE-9542-7B64F754FD9C}"
EndProject
Project("{9A19103F-16F7-4668-BE54-9A1E7A4F7556}") = "TodoAdmin.Persistence", "src\TodoAdmin.Persistence\TodoAdmin.Persistence.csproj", "{9E7819CC-42BA-4B9F-A6B1-7F19A946F254}"
EndProject
Global
	GlobalSection(SolutionConfigurationPlatforms) = preSolution
		Debug|Any CPU = Debug|Any CPU
		Debug|x64 = Debug|x64
		Debug|x86 = Debug|x86
		Release|Any CPU = Release|Any CPU
		Release|x64 = Release|x64
		Release|x86 = Release|x86
	EndGlobalSection
	GlobalSection(ProjectConfigurationPlatforms) = postSolution
		{E1A86C4D-278D-411E-9519-A614FC4504EA}.Debug|Any CPU.ActiveCfg = Debug|Any CPU
		{E1A86C4D-278D-411E-9519-A614FC4504EA}.Debug|Any CPU.Build.0 = Debug|Any CPU
		{E1A86C4D-278D-411E-9519-A614FC4504EA}.Debug|x64.ActiveCfg = Debug|x64
		{E1A86C4D-278D-411E-9519-A614FC4504EA}.Debug|x64.Build.0 = Debug|x64
		{E1A86C4D-278D-411E-9519-A614FC4504EA}.Debug|x86.ActiveCfg = Debug|x86
		{E1A86C4D-278D-411E-9519-A614FC4504EA}.Debug|x86.Build.0 = Debug|x86
		{E1A86C4D-278D-411E-9519-A614FC4504EA}.Release|Any CPU.ActiveCfg = Release|Any CPU
		{E1A86C4D-278D-411E-9519-A614FC4504EA}.Release|Any CPU.Build.0 = Release|Any CPU
		{E1A86C4D-278D-411E-9519-A614FC4504EA}.Release|x64.ActiveCfg = Release|x64
		{E1A86C4D-278D-411E-9519-A614FC4504EA}.Release|x64.Build.0 = Release|x64
		{E1A86C4D-278D-411E-9519-A614FC4504EA}.Release|x86.ActiveCfg = Release|x86
		{E1A86C4D-278D-411E-9519-A614FC4504EA}.Release|x86.Build.0 = Release|x86
		{A220E288-FA2B-4073-B352-4D814AD3CF68}.Debug|Any CPU.ActiveCfg = Debug|Any CPU
		{A220E288-FA2B-4073-B352-4D814AD3CF68}.Debug|Any CPU.Build.0 = Debug|Any CPU
		{A220E288-FA2B-4073-B352-4D814AD3CF68}.Debug|x64.ActiveCfg = Debug|x64
		{A220E288-FA2B-4073-B352-4D814AD3CF68}.Debug|x64.Build.0 = Debug|x64
		{A220E288-FA2B-4073-B352-4D814AD3CF68}.Debug|x86.ActiveCfg = Debug|x86
		{A220E288-FA2B-4073-B352-4D814AD3CF68}.Debug|x86.Build.0 = Debug|x86
		{A220E288-FA2B-4073-B352-4D814AD3CF68}.Release|Any CPU.ActiveCfg = Release|Any CPU
		{A220E288-FA2B-4073-B352-4D814AD3CF68}.Release|Any CPU.Build.0 = Release|Any CPU
		{A220E288-FA2B-4073-B352-4D814AD3CF68}.Release|x64.ActiveCfg = Release|x64
		{A220E288-FA2B-4073-B352-4D814AD3CF68}.Release|x64.Build.0 = Release|x64
		{A220E288-FA2B-4073-B352-4D814AD3CF68}.Release|x86.ActiveCfg = Release|x86
		{A220E288-FA2B-4073-B352-4D814AD3CF68}.Release|x86.Build.0 = Release|x86
		{549E8485-484E-4DFE-9542-7B64F754FD9C}.Debug|Any CPU.ActiveCfg = Debug|Any CPU
		{549E8485-484E-4DFE-9542-7B64F754FD9C}.Debug|Any CPU.Build.0 = Debug|Any CPU
		{549E8485-484E-4DFE-9542-7B64F754FD9C}.Debug|x64.ActiveCfg = Debug|x64
		{549E8485-484E-4DFE-9542-7B64F754FD9C}.Debug|x64.Build.0 = Debug|x64
		{549E8485-484E-4DFE-9542-7B64F754FD9C}.Debug|x86.ActiveCfg = Debug|x86
		{549E8485-484E-4DFE-9542-7B64F754FD9C}.Debug|x86.Build.0 = Debug|x86
		{549E8485-484E-4DFE-9542-7B64F754FD9C}.Release|Any CPU.ActiveCfg = Release|Any CPU
		{549E8485-484E-4DFE-9542-7B64F754FD9C}.Release|Any CPU.Build.0 = Release|Any CPU
		{549E8485-484E-4DFE-9542-7B64F754FD9C}.Release|x64.ActiveCfg = Release|x64
		{549E8485-484E-4DFE-9542-7B64F754FD9C}.Release|x64.Build.0 = Release|x64
		{549E8485-484E-4DFE-9542-7B64F754FD9C}.Release|x86.ActiveCfg = Release|x86
		{549E8485-484E-4DFE-9542-7B64F754FD9C}.Release|x86.Build.0 = Release|x86
		{9E7819CC-42BA-4B9F-A6B1-7F19A946F254}.Debug|Any CPU.ActiveCfg = Debug|Any CPU
		{9E7819CC-42BA-4B9F-A6B1-7F19A946F254}.Debug|Any CPU.Build.0 = Debug|Any CPU
		{9E7819CC-42BA-4B9F-A6B1-7F19A946F254}.Debug|x64.ActiveCfg = Debug|x64
		{9E7819CC-42BA-4B9F-A6B1-7F19A946F254}.Debug|x64.Build.0 = Debug|x64
		{9E7819CC-42BA-4B9F-A6B1-7F19A946F254}.Debug|x86.ActiveCfg = Debug|x86
		{9E7819CC-42BA-4B9F-A6B1-7F19A946F254}.Debug|x86.Build.0 = Debug|x86
		{9E7819CC-42BA-4B9F-A6B1-7F19A946F254}.Release|Any CPU.ActiveCfg = Release|Any CPU
		{9E7819CC-42BA-4B9F-A6B1-7F19A946F254}.Release|Any CPU.Build.0 = Release|Any CPU
		{9E7819CC-42BA-4B9F-A6B1-7F19A946F254}.Release|x64.ActiveCfg = Release|x64
		{9E7819CC-42BA-4B9F-A6B1-7F19A946F254}.Release|x64.Build.0 = Release|x64
		{9E7819CC-42BA-4B9F-A6B1-7F19A946F254}.Release|x86.ActiveCfg = Release|x86
		{9E7819CC-42BA-4B9F-A6B1-7F19A946F254}.Release|x86.Build.0 = Release|x86
	EndGlobalSection
	GlobalSection(SolutionProperties) = preSolution
		HideSolutionNode = FALSE
	EndGlobalSection
EndGlobal
